// !$*UTF8*$!
{
	archiveVersion = 1;
	classes = {
	};
	objectVersion = 46;
	objects = {

/* Begin PBXBuildFile section */
		FD8527121A8C36D5004EEBBC /* main.m in Sources */ = {isa = PBXBuildFile; fileRef = FD8527111A8C36D5004EEBBC /* main.m */; };
		FD8527151A8C36D5004EEBBC /* AppDelegate.m in Sources */ = {isa = PBXBuildFile; fileRef = FD8527141A8C36D5004EEBBC /* AppDelegate.m */; };
		FD8527181A8C36D5004EEBBC /* FirstViewController.m in Sources */ = {isa = PBXBuildFile; fileRef = FD8527171A8C36D5004EEBBC /* FirstViewController.m */; };
		FD85271B1A8C36D5004EEBBC /* SecondViewController.m in Sources */ = {isa = PBXBuildFile; fileRef = FD85271A1A8C36D5004EEBBC /* SecondViewController.m */; };
		FD85271E1A8C36D5004EEBBC /* Main.storyboard in Resources */ = {isa = PBXBuildFile; fileRef = FD85271C1A8C36D5004EEBBC /* Main.storyboard */; };
		FD8527201A8C36D5004EEBBC /* Images.xcassets in Resources */ = {isa = PBXBuildFile; fileRef = FD85271F1A8C36D5004EEBBC /* Images.xcassets */; };
		FD8527231A8C36D5004EEBBC /* LaunchScreen.xib in Resources */ = {isa = PBXBuildFile; fileRef = FD8527211A8C36D5004EEBBC /* LaunchScreen.xib */; };
		FD85272F1A8C36D5004EEBBC /* KaplowTests.m in Sources */ = {isa = PBXBuildFile; fileRef = FD85272E1A8C36D5004EEBBC /* KaplowTests.m */; };
/* End PBXBuildFile section */

/* Begin PBXContainerItemProxy section */
		FD8527291A8C36D5004EEBBC /* PBXContainerItemProxy */ = {
			isa = PBXContainerItemProxy;
			containerPortal = FD8527041A8C36D4004EEBBC /* Project object */;
			proxyType = 1;
			remoteGlobalIDString = FD85270B1A8C36D4004EEBBC;
			remoteInfo = Kaplow;
		};
/* End PBXContainerItemProxy section */

/* Begin PBXFileReference section */
		FD85270C1A8C36D5004EEBBC /* Kaplow.app */ = {isa = PBXFileReference; explicitFileType = wrapper.application; includeInIndex = 0; path = Kaplow.app; sourceTree = BUILT_PRODUCTS_DIR; };
		FD8527101A8C36D5004EEBBC /* Info.plist */ = {isa = PBXFileReference; lastKnownFileType = text.plist.xml; path = Info.plist; sourceTree = "<group>"; };
		FD8527111A8C36D5004EEBBC /* main.m */ = {isa = PBXFileReference; lastKnownFileType = sourcecode.c.objc; path = main.m; sourceTree = "<group>"; };
		FD8527131A8C36D5004EEBBC /* AppDelegate.h */ = {isa = PBXFileReference; lastKnownFileType = sourcecode.c.h; path = AppDelegate.h; sourceTree = "<group>"; };
		FD8527141A8C36D5004EEBBC /* AppDelegate.m */ = {isa = PBXFileReference; lastKnownFileType = sourcecode.c.objc; path = AppDelegate.m; sourceTree = "<group>"; };
		FD8527161A8C36D5004EEBBC /* FirstViewController.h */ = {isa = PBXFileReference; lastKnownFileType = sourcecode.c.h; path = FirstViewController.h; sourceTree = "<group>"; };
		FD8527171A8C36D5004EEBBC /* FirstViewController.m */ = {isa = PBXFileReference; lastKnownFileType = sourcecode.c.objc; path = FirstViewController.m; sourceTree = "<group>"; };
		FD8527191A8C36D5004EEBBC /* SecondViewController.h */ = {isa = PBXFileReference; lastKnownFileType = sourcecode.c.h; path = SecondViewController.h; sourceTree = "<group>"; };
		FD85271A1A8C36D5004EEBBC /* SecondViewController.m */ = {isa = PBXFileReference; lastKnownFileType = sourcecode.c.objc; path = SecondViewController.m; sourceTree = "<group>"; };
		FD85271D1A8C36D5004EEBBC /* Base */ = {isa = PBXFileReference; lastKnownFileType = file.storyboard; name = Base; path = Base.lproj/Main.storyboard; sourceTree = "<group>"; };
		FD85271F1A8C36D5004EEBBC /* Images.xcassets */ = {isa = PBXFileReference; lastKnownFileType = folder.assetcatalog; path = Images.xcassets; sourceTree = "<group>"; };
		FD8527221A8C36D5004EEBBC /* Base */ = {isa = PBXFileReference; lastKnownFileType = file.xib; name = Base; path = Base.lproj/LaunchScreen.xib; sourceTree = "<group>"; };
		FD8527281A8C36D5004EEBBC /* KaplowTests.xctest */ = {isa = PBXFileReference; explicitFileType = wrapper.cfbundle; includeInIndex = 0; path = KaplowTests.xctest; sourceTree = BUILT_PRODUCTS_DIR; };
		FD85272D1A8C36D5004EEBBC /* Info.plist */ = {isa = PBXFileReference; lastKnownFileType = text.plist.xml; path = Info.plist; sourceTree = "<group>"; };
		FD85272E1A8C36D5004EEBBC /* KaplowTests.m */ = {isa = PBXFileReference; lastKnownFileType = sourcecode.c.objc; path = KaplowTests.m; sourceTree = "<group>"; };
/* End PBXFileReference section */

/* Begin PBXFrameworksBuildPhase section */
		FD8527091A8C36D4004EEBBC /* Frameworks */ = {
			isa = PBXFrameworksBuildPhase;
			buildActionMask = 2147483647;
			files = (
			);
			runOnlyForDeploymentPostprocessing = 0;
		};
		FD8527251A8C36D5004EEBBC /* Frameworks */ = {
			isa = PBXFrameworksBuildPhase;
			buildActionMask = 2147483647;
			files = (
			);
			runOnlyForDeploymentPostprocessing = 0;
		};
/* End PBXFrameworksBuildPhase section */

/* Begin PBXGroup section */
		FD8527031A8C36D4004EEBBC = {
			isa = PBXGroup;
			children = (
				FD85270E1A8C36D5004EEBBC /* Kaplow */,
				FD85272B1A8C36D5004EEBBC /* KaplowTests */,
				FD85270D1A8C36D5004EEBBC /* Products */,
			);
			sourceTree = "<group>";
		};
		FD85270D1A8C36D5004EEBBC /* Products */ = {
			isa = PBXGroup;
			children = (
				FD85270C1A8C36D5004EEBBC /* Kaplow.app */,
				FD8527281A8C36D5004EEBBC /* KaplowTests.xctest */,
			);
			name = Products;
			sourceTree = "<group>";
		};
		FD85270E1A8C36D5004EEBBC /* Kaplow */ = {
			isa = PBXGroup;
			children = (
				FD8527131A8C36D5004EEBBC /* AppDelegate.h */,
				FD8527141A8C36D5004EEBBC /* AppDelegate.m */,
				FD8527161A8C36D5004EEBBC /* FirstViewController.h */,
				FD8527171A8C36D5004EEBBC /* FirstViewController.m */,
				FD8527191A8C36D5004EEBBC /* SecondViewController.h */,
				FD85271A1A8C36D5004EEBBC /* SecondViewController.m */,
				FD85271C1A8C36D5004EEBBC /* Main.storyboard */,
				FD85271F1A8C36D5004EEBBC /* Images.xcassets */,
				FD8527211A8C36D5004EEBBC /* LaunchScreen.xib */,
				FD85270F1A8C36D5004EEBBC /* Supporting Files */,
			);
			path = Kaplow;
			sourceTree = "<group>";
		};
		FD85270F1A8C36D5004EEBBC /* Supporting Files */ = {
			isa = PBXGroup;
			children = (
				FD8527101A8C36D5004EEBBC /* Info.plist */,
				FD8527111A8C36D5004EEBBC /* main.m */,
			);
			name = "Supporting Files";
			sourceTree = "<group>";
		};
		FD85272B1A8C36D5004EEBBC /* KaplowTests */ = {
			isa = PBXGroup;
			children = (
				FD85272E1A8C36D5004EEBBC /* KaplowTests.m */,
				FD85272C1A8C36D5004EEBBC /* Supporting Files */,
			);
			path = KaplowTests;
			sourceTree = "<group>";
		};
		FD85272C1A8C36D5004EEBBC /* Supporting Files */ = {
			isa = PBXGroup;
			children = (
				FD85272D1A8C36D5004EEBBC /* Info.plist */,
			);
			name = "Supporting Files";
			sourceTree = "<group>";
		};
/* End PBXGroup section */

/* Begin PBXNativeTarget section */
		FD85270B1A8C36D4004EEBBC /* Kaplow */ = {
			isa = PBXNativeTarget;
			buildConfigurationList = FD8527321A8C36D5004EEBBC /* Build configuration list for PBXNativeTarget "Kaplow" */;
			buildPhases = (
				FD8527081A8C36D4004EEBBC /* Sources */,
				FD8527091A8C36D4004EEBBC /* Frameworks */,
				FD85270A1A8C36D4004EEBBC /* Resources */,
			);
			buildRules = (
			);
			dependencies = (
			);
			name = Kaplow;
			productName = Kaplow;
			productReference = FD85270C1A8C36D5004EEBBC /* Kaplow.app */;
			productType = "com.apple.product-type.application";
		};
		FD8527271A8C36D5004EEBBC /* KaplowTests */ = {
			isa = PBXNativeTarget;
			buildConfigurationList = FD8527351A8C36D5004EEBBC /* Build configuration list for PBXNativeTarget "KaplowTests" */;
			buildPhases = (
				FD8527241A8C36D5004EEBBC /* Sources */,
				FD8527251A8C36D5004EEBBC /* Frameworks */,
				FD8527261A8C36D5004EEBBC /* Resources */,
			);
			buildRules = (
			);
			dependencies = (
				FD85272A1A8C36D5004EEBBC /* PBXTargetDependency */,
			);
			name = KaplowTests;
			productName = KaplowTests;
			productReference = FD8527281A8C36D5004EEBBC /* KaplowTests.xctest */;
			productType = "com.apple.product-type.bundle.unit-test";
		};
/* End PBXNativeTarget section */

/* Begin PBXProject section */
		FD8527041A8C36D4004EEBBC /* Project object */ = {
			isa = PBXProject;
			attributes = {
				LastUpgradeCheck = 0610;
				ORGANIZATIONNAME = "___UIT___";
				TargetAttributes = {
					FD85270B1A8C36D4004EEBBC = {
						CreatedOnToolsVersion = 6.1.1;
					};
					FD8527271A8C36D5004EEBBC = {
						CreatedOnToolsVersion = 6.1.1;
						TestTargetID = FD85270B1A8C36D4004EEBBC;
					};
				};
			};
			buildConfigurationList = FD8527071A8C36D4004EEBBC /* Build configuration list for PBXProject "Kaplow" */;
			compatibilityVersion = "Xcode 3.2";
			developmentRegion = English;
			hasScannedForEncodings = 0;
			knownRegions = (
				en,
				Base,
			);
			mainGroup = FD8527031A8C36D4004EEBBC;
			productRefGroup = FD85270D1A8C36D5004EEBBC /* Products */;
			projectDirPath = "";
			projectRoot = "";
			targets = (
				FD85270B1A8C36D4004EEBBC /* Kaplow */,
				FD8527271A8C36D5004EEBBC /* KaplowTests */,
			);
		};
/* End PBXProject section */

/* Begin PBXResourcesBuildPhase section */
		FD85270A1A8C36D4004EEBBC /* Resources */ = {
			isa = PBXResourcesBuildPhase;
			buildActionMask = 2147483647;
			files = (
				FD85271E1A8C36D5004EEBBC /* Main.storyboard in Resources */,
				FD8527231A8C36D5004EEBBC /* LaunchScreen.xib in Resources */,
				FD8527201A8C36D5004EEBBC /* Images.xcassets in Resources */,
			);
			runOnlyForDeploymentPostprocessing = 0;
		};
		FD8527261A8C36D5004EEBBC /* Resources */ = {
			isa = PBXResourcesBuildPhase;
			buildActionMask = 2147483647;
			files = (
			);
			runOnlyForDeploymentPostprocessing = 0;
		};
/* End PBXResourcesBuildPhase section */

/* Begin PBXSourcesBuildPhase section */
		FD8527081A8C36D4004EEBBC /* Sources */ = {
			isa = PBXSourcesBuildPhase;
			buildActionMask = 2147483647;
			files = (
				FD85271B1A8C36D5004EEBBC /* SecondViewController.m in Sources */,
				FD8527151A8C36D5004EEBBC /* AppDelegate.m in Sources */,
				FD8527181A8C36D5004EEBBC /* FirstViewController.m in Sources */,
				FD8527121A8C36D5004EEBBC /* main.m in Sources */,
			);
			runOnlyForDeploymentPostprocessing = 0;
		};
		FD8527241A8C36D5004EEBBC /* Sources */ = {
			isa = PBXSourcesBuildPhase;
			buildActionMask = 2147483647;
			files = (
				FD85272F1A8C36D5004EEBBC /* KaplowTests.m in Sources */,
			);
			runOnlyForDeploymentPostprocessing = 0;
		};
/* End PBXSourcesBuildPhase section */

/* Begin PBXTargetDependency section */
		FD85272A1A8C36D5004EEBBC /* PBXTargetDependency */ = {
			isa = PBXTargetDependency;
			target = FD85270B1A8C36D4004EEBBC /* Kaplow */;
			targetProxy = FD8527291A8C36D5004EEBBC /* PBXContainerItemProxy */;
		};
/* End PBXTargetDependency section */

/* Begin PBXVariantGroup section */
		FD85271C1A8C36D5004EEBBC /* Main.storyboard */ = {
			isa = PBXVariantGroup;
			children = (
				FD85271D1A8C36D5004EEBBC /* Base */,
			);
			name = Main.storyboard;
			sourceTree = "<group>";
		};
		FD8527211A8C36D5004EEBBC /* LaunchScreen.xib */ = {
			isa = PBXVariantGroup;
			children = (
				FD8527221A8C36D5004EEBBC /* Base */,
			);
			name = LaunchScreen.xib;
			sourceTree = "<group>";
		};
/* End PBXVariantGroup section */

/* Begin XCBuildConfiguration section */
		FD8527301A8C36D5004EEBBC /* Debug */ = {
			isa = XCBuildConfiguration;
			buildSettings = {
				ALWAYS_SEARCH_USER_PATHS = NO;
				CLANG_CXX_LANGUAGE_STANDARD = "gnu++0x";
				CLANG_CXX_LIBRARY = "libc++";
				CLANG_ENABLE_MODULES = YES;
				CLANG_ENABLE_OBJC_ARC = YES;
				CLANG_WARN_BOOL_CONVERSION = YES;
				CLANG_WARN_CONSTANT_CONVERSION = YES;
				CLANG_WARN_DIRECT_OBJC_ISA_USAGE = YES_ERROR;
				CLANG_WARN_EMPTY_BODY = YES;
				CLANG_WARN_ENUM_CONVERSION = YES;
				CLANG_WARN_INT_CONVERSION = YES;
				CLANG_WARN_OBJC_ROOT_CLASS = YES_ERROR;
				CLANG_WARN_UNREACHABLE_CODE = YES;
				CLANG_WARN__DUPLICATE_METHOD_MATCH = YES;
				"CODE_SIGN_IDENTITY[sdk=iphoneos*]" = "iPhone Developer";
				COPY_PHASE_STRIP = NO;
				ENABLE_STRICT_OBJC_MSGSEND = YES;
				GCC_C_LANGUAGE_STANDARD = gnu99;
				GCC_DYNAMIC_NO_PIC = NO;
				GCC_OPTIMIZATION_LEVEL = 0;
				GCC_PREPROCESSOR_DEFINITIONS = (
					"DEBUG=1",
					"$(inherited)",
				);
				GCC_SYMBOLS_PRIVATE_EXTERN = NO;
				GCC_WARN_64_TO_32_BIT_CONVERSION = YES;
				GCC_WARN_ABOUT_RETURN_TYPE = YES_ERROR;
				GCC_WARN_UNDECLARED_SELECTOR = YES;
				GCC_WARN_UNINITIALIZED_AUTOS = YES_AGGRESSIVE;
				GCC_WARN_UNUSED_FUNCTION = YES;
				GCC_WARN_UNUSED_VARIABLE = YES;
				IPHONEOS_DEPLOYMENT_TARGET = 8.1;
				MTL_ENABLE_DEBUG_INFO = YES;
				ONLY_ACTIVE_ARCH = YES;
				SDKROOT = iphoneos;
				TARGETED_DEVICE_FAMILY = "1,2";
			};
			name = Debug;
		};
		FD8527311A8C36D5004EEBBC /* Release */ = {
			isa = XCBuildConfiguration;
			buildSettings = {
				ALWAYS_SEARCH_USER_PATHS = NO;
				CLANG_CXX_LANGUAGE_STANDARD = "gnu++0x";
				CLANG_CXX_LIBRARY = "libc++";
				CLANG_ENABLE_MODULES = YES;
				CLANG_ENABLE_OBJC_ARC = YES;
				CLANG_WARN_BOOL_CONVERSION = YES;
				CLANG_WARN_CONSTANT_CONVERSION = YES;
				CLANG_WARN_DIRECT_OBJC_ISA_USAGE = YES_ERROR;
				CLANG_WARN_EMPTY_BODY = YES;
				CLANG_WARN_ENUM_CONVERSION = YES;
				CLANG_WARN_INT_CONVERSION = YES;
				CLANG_WARN_OBJC_ROOT_CLASS = YES_ERROR;
				CLANG_WARN_UNREACHABLE_CODE = YES;
				CLANG_WARN__DUPLICATE_METHOD_MATCH = YES;
				"CODE_SIGN_IDENTITY[sdk=iphoneos*]" = "iPhone Developer";
				COPY_PHASE_STRIP = YES;
				ENABLE_NS_ASSERTIONS = NO;
				ENABLE_STRICT_OBJC_MSGSEND = YES;
				GCC_C_LANGUAGE_STANDARD = gnu99;
				GCC_WARN_64_TO_32_BIT_CONVERSION = YES;
				GCC_WARN_ABOUT_RETURN_TYPE = YES_ERROR;
				GCC_WARN_UNDECLARED_SELECTOR = YES;
				GCC_WARN_UNINITIALIZED_AUTOS = YES_AGGRESSIVE;
				GCC_WARN_UNUSED_FUNCTION = YES;
				GCC_WARN_UNUSED_VARIABLE = YES;
				IPHONEOS_DEPLOYMENT_TARGET = 8.1;
				MTL_ENABLE_DEBUG_INFO = NO;
				SDKROOT = iphoneos;
				TARGETED_DEVICE_FAMILY = "1,2";
				VALIDATE_PRODUCT = YES;
			};
			name = Release;
		};
		FD8527331A8C36D5004EEBBC /* Debug */ = {
			isa = XCBuildConfiguration;
			buildSettings = {
				ASSETCATALOG_COMPILER_APPICON_NAME = AppIcon;
				INFOPLIST_FILE = Kaplow/Info.plist;
				LD_RUNPATH_SEARCH_PATHS = "$(inherited) @executable_path/Frameworks";
				PRODUCT_NAME = "$(TARGET_NAME)";
			};
			name = Debug;
		};
		FD8527341A8C36D5004EEBBC /* Release */ = {
			isa = XCBuildConfiguration;
			buildSettings = {
				ASSETCATALOG_COMPILER_APPICON_NAME = AppIcon;
				INFOPLIST_FILE = Kaplow/Info.plist;
				LD_RUNPATH_SEARCH_PATHS = "$(inherited) @executable_path/Frameworks";
				PRODUCT_NAME = "$(TARGET_NAME)";
			};
			name = Release;
		};
		FD8527361A8C36D5004EEBBC /* Debug */ = {
			isa = XCBuildConfiguration;
			buildSettings = {
				BUNDLE_LOADER = "$(TEST_HOST)";
				FRAMEWORK_SEARCH_PATHS = (
					"$(SDKROOT)/Developer/Library/Frameworks",
					"$(inherited)",
				);
				GCC_PREPROCESSOR_DEFINITIONS = (
					"DEBUG=1",
					"$(inherited)",
				);
				INFOPLIST_FILE = KaplowTests/Info.plist;
				LD_RUNPATH_SEARCH_PATHS = "$(inherited) @executable_path/Frameworks @loader_path/Frameworks";
				PRODUCT_NAME = "$(TARGET_NAME)";
				TEST_HOST = "$(BUILT_PRODUCTS_DIR)/Kaplow.app/Kaplow";
			};
			name = Debug;
		};
		FD8527371A8C36D5004EEBBC /* Release */ = {
			isa = XCBuildConfiguration;
			buildSettings = {
				BUNDLE_LOADER = "$(TEST_HOST)";
				FRAMEWORK_SEARCH_PATHS = (
					"$(SDKROOT)/Developer/Library/Frameworks",
					"$(inherited)",
				);
				INFOPLIST_FILE = KaplowTests/Info.plist;
				LD_RUNPATH_SEARCH_PATHS = "$(inherited) @executable_path/Frameworks @loader_path/Frameworks";
				PRODUCT_NAME = "$(TARGET_NAME)";
				TEST_HOST = "$(BUILT_PRODUCTS_DIR)/Kaplow.app/Kaplow";
			};
			name = Release;
		};
/* End XCBuildConfiguration section */

/* Begin XCConfigurationList section */
		FD8527071A8C36D4004EEBBC /* Build configuration list for PBXProject "Kaplow" */ = {
			isa = XCConfigurationList;
			buildConfigurations = (
				FD8527301A8C36D5004EEBBC /* Debug */,
				FD8527311A8C36D5004EEBBC /* Release */,
			);
			defaultConfigurationIsVisible = 0;
			defaultConfigurationName = Release;
		};
		FD8527321A8C36D5004EEBBC /* Build configuration list for PBXNativeTarget "Kaplow" */ = {
			isa = XCConfigurationList;
			buildConfigurations = (
				FD8527331A8C36D5004EEBBC /* Debug */,
				FD8527341A8C36D5004EEBBC /* Release */,
			);
			defaultConfigurationIsVisible = 0;
		};
		FD8527351A8C36D5004EEBBC /* Build configuration list for PBXNativeTarget "KaplowTests" */ = {
			isa = XCConfigurationList;
			buildConfigurations = (
				FD8527361A8C36D5004EEBBC /* Debug */,
				FD8527371A8C36D5004EEBBC /* Release */,
			);
			defaultConfigurationIsVisible = 0;
		};
/* End XCConfigurationList section */
	};
	rootObject = FD8527041A8C36D4004EEBBC /* Project object */;
}
